
Microsoft Visual Studio Solution File, Format Version 12.00
# Visual Studio Version 16
VisualStudioVersion = 16.0.30225.117
MinimumVisualStudioVersion = 10.0.40219.1
Project("{FAE04EC0-301F-11D3-BF4B-00C04F79EFBC}") = "HelloApp", "HelloApp\HelloApp.csproj", "{4734F188-9B2D-411D-8B4F-3F72B6B63A25}"
EndProject
Project("{FAE04EC0-301F-11D3-BF4B-00C04F79EFBC}") = "IntegerType", "IntegerType\IntegerType.csproj", "{72BE3251-2F86-4B07-B191-4B64FE331AA9}"
EndProject
Project("{FAE04EC0-301F-11D3-BF4B-00C04F79EFBC}") = "BoxingUnboxing", "BoxingUnboxing\BoxingUnboxing.csproj", "{51BCC678-357E-49DC-B81D-1640DB8D3143}"
EndProject
Project("{FAE04EC0-301F-11D3-BF4B-00C04F79EFBC}") = "IntegerConversion", "IntegerConversion\IntegerConversion.csproj", "{339D1284-DB48-414D-A3FA-E7CAF1E996F2}"
EndProject
Project("{2150E333-8FDC-42A3-9474-1A3956D46DE8}") = "Ch03", "Ch03", "{5050DAC9-0174-4143-8EE0-0DA30141BD25}"
EndProject
Project("{2150E333-8FDC-42A3-9474-1A3956D46DE8}") = "Ch02", "Ch02", "{FCD68A4F-E3B2-4D4F-A435-813B3982CA10}"
EndProject
Project("{9A19103F-16F7-4668-BE54-9A1E7A4F7556}") = "StringNumberConversion", "StringNumberConversion\StringNumberConversion.csproj", "{229B8729-71EC-475E-93C1-61E55B211BAA}"
EndProject
Project("{FAE04EC0-301F-11D3-BF4B-00C04F79EFBC}") = "EnumApp", "EnumApp\EnumApp.csproj", "{F1722593-B178-44DF-B9F8-142551D037B6}"
EndProject
Project("{FAE04EC0-301F-11D3-BF4B-00C04F79EFBC}") = "NullableApp", "NullableApp\NullableApp.csproj", "{4C0156B3-CB2A-4481-8760-7036BFAE4230}"
EndProject
Project("{2150E333-8FDC-42A3-9474-1A3956D46DE8}") = "AppendixA", "AppendixA", "{A1677C67-0964-4640-A5E2-269C998035AA}"
EndProject
Project("{FAE04EC0-301F-11D3-BF4B-00C04F79EFBC}") = "StringSearchApp", "StringSearchApp\StringSearchApp.csproj", "{BB9EAF66-DD49-4D8F-84D2-6328916D5193}"
EndProject
Global
	GlobalSection(SolutionConfigurationPlatforms) = preSolution
		Debug|Any CPU = Debug|Any CPU
		Release|Any CPU = Release|Any CPU
	EndGlobalSection
	GlobalSection(ProjectConfigurationPlatforms) = postSolution
		{4734F188-9B2D-411D-8B4F-3F72B6B63A25}.Debug|Any CPU.ActiveCfg = Debug|Any CPU
		{4734F188-9B2D-411D-8B4F-3F72B6B63A25}.Debug|Any CPU.Build.0 = Debug|Any CPU
		{4734F188-9B2D-411D-8B4F-3F72B6B63A25}.Release|Any CPU.ActiveCfg = Release|Any CPU
		{4734F188-9B2D-411D-8B4F-3F72B6B63A25}.Release|Any CPU.Build.0 = Release|Any CPU
		{72BE3251-2F86-4B07-B191-4B64FE331AA9}.Debug|Any CPU.ActiveCfg = Debug|Any CPU
		{72BE3251-2F86-4B07-B191-4B64FE331AA9}.Debug|Any CPU.Build.0 = Debug|Any CPU
		{72BE3251-2F86-4B07-B191-4B64FE331AA9}.Release|Any CPU.ActiveCfg = Release|Any CPU
		{72BE3251-2F86-4B07-B191-4B64FE331AA9}.Release|Any CPU.Build.0 = Release|Any CPU
		{51BCC678-357E-49DC-B81D-1640DB8D3143}.Debug|Any CPU.ActiveCfg = Debug|Any CPU
		{51BCC678-357E-49DC-B81D-1640DB8D3143}.Debug|Any CPU.Build.0 = Debug|Any CPU
		{51BCC678-357E-49DC-B81D-1640DB8D3143}.Release|Any CPU.ActiveCfg = Release|Any CPU
		{51BCC678-357E-49DC-B81D-1640DB8D3143}.Release|Any CPU.Build.0 = Release|Any CPU
		{339D1284-DB48-414D-A3FA-E7CAF1E996F2}.Debug|Any CPU.ActiveCfg = Debug|Any CPU
		{339D1284-DB48-414D-A3FA-E7CAF1E996F2}.Debug|Any CPU.Build.0 = Debug|Any CPU
		{339D1284-DB48-414D-A3FA-E7CAF1E996F2}.Release|Any CPU.ActiveCfg = Release|Any CPU
		{339D1284-DB48-414D-A3FA-E7CAF1E996F2}.Release|Any CPU.Build.0 = Release|Any CPU
		{229B8729-71EC-475E-93C1-61E55B211BAA}.Debug|Any CPU.ActiveCfg = Debug|Any CPU
		{229B8729-71EC-475E-93C1-61E55B211BAA}.Debug|Any CPU.Build.0 = Debug|Any CPU
		{229B8729-71EC-475E-93C1-61E55B211BAA}.Release|Any CPU.ActiveCfg = Release|Any CPU
		{229B8729-71EC-475E-93C1-61E55B211BAA}.Release|Any CPU.Build.0 = Release|Any CPU
		{F1722593-B178-44DF-B9F8-142551D037B6}.Debug|Any CPU.ActiveCfg = Debug|Any CPU
		{F1722593-B178-44DF-B9F8-142551D037B6}.Debug|Any CPU.Build.0 = Debug|Any CPU
		{F1722593-B178-44DF-B9F8-142551D037B6}.Release|Any CPU.ActiveCfg = Release|Any CPU
		{F1722593-B178-44DF-B9F8-142551D037B6}.Release|Any CPU.Build.0 = Release|Any CPU
		{4C0156B3-CB2A-4481-8760-7036BFAE4230}.Debug|Any CPU.ActiveCfg = Debug|Any CPU
		{4C0156B3-CB2A-4481-8760-7036BFAE4230}.Debug|Any CPU.Build.0 = Debug|Any CPU
		{4C0156B3-CB2A-4481-8760-7036BFAE4230}.Release|Any CPU.ActiveCfg = Release|Any CPU
		{4C0156B3-CB2A-4481-8760-7036BFAE4230}.Release|Any CPU.Build.0 = Release|Any CPU
		{BB9EAF66-DD49-4D8F-84D2-6328916D5193}.Debug|Any CPU.ActiveCfg = Debug|Any CPU
		{BB9EAF66-DD49-4D8F-84D2-6328916D5193}.Debug|Any CPU.Build.0 = Debug|Any CPU
		{BB9EAF66-DD49-4D8F-84D2-6328916D5193}.Release|Any CPU.ActiveCfg = Release|Any CPU
		{BB9EAF66-DD49-4D8F-84D2-6328916D5193}.Release|Any CPU.Build.0 = Release|Any CPU
	EndGlobalSection
	GlobalSection(SolutionProperties) = preSolution
		HideSolutionNode = FALSE
	EndGlobalSection
	GlobalSection(NestedProjects) = preSolution
		{4734F188-9B2D-411D-8B4F-3F72B6B63A25} = {FCD68A4F-E3B2-4D4F-A435-813B3982CA10}
		{72BE3251-2F86-4B07-B191-4B64FE331AA9} = {5050DAC9-0174-4143-8EE0-0DA30141BD25}
		{51BCC678-357E-49DC-B81D-1640DB8D3143} = {5050DAC9-0174-4143-8EE0-0DA30141BD25}
		{339D1284-DB48-414D-A3FA-E7CAF1E996F2} = {5050DAC9-0174-4143-8EE0-0DA30141BD25}
		{229B8729-71EC-475E-93C1-61E55B211BAA} = {5050DAC9-0174-4143-8EE0-0DA30141BD25}
		{F1722593-B178-44DF-B9F8-142551D037B6} = {5050DAC9-0174-4143-8EE0-0DA30141BD25}
		{4C0156B3-CB2A-4481-8760-7036BFAE4230} = {5050DAC9-0174-4143-8EE0-0DA30141BD25}
		{BB9EAF66-DD49-4D8F-84D2-6328916D5193} = {A1677C67-0964-4640-A5E2-269C998035AA}
	EndGlobalSection
	GlobalSection(ExtensibilityGlobals) = postSolution
		SolutionGuid = {7E5A4B53-B145-4C78-9D42-6BC5291DEE63}
	EndGlobalSection
EndGlobal
