
Microsoft Visual Studio Solution File, Format Version 12.00
# Visual Studio Version 16
VisualStudioVersion = 16.0.30225.117
MinimumVisualStudioVersion = 10.0.40219.1
Project("{FAE04EC0-301F-11D3-BF4B-00C04F79EFBC}") = "HelloApp", "HelloApp\HelloApp.csproj", "{4734F188-9B2D-411D-8B4F-3F72B6B63A25}"
EndProject
Global
	GlobalSection(SolutionConfigurationPlatforms) = preSolution
		Debug|Any CPU = Debug|Any CPU
		Release|Any CPU = Release|Any CPU
	EndGlobalSection
	GlobalSection(ProjectConfigurationPlatforms) = postSolution
		{4734F188-9B2D-411D-8B4F-3F72B6B63A25}.Debug|Any CPU.ActiveCfg = Debug|Any CPU
		{4734F188-9B2D-411D-8B4F-3F72B6B63A25}.Debug|Any CPU.Build.0 = Debug|Any CPU
		{4734F188-9B2D-411D-8B4F-3F72B6B63A25}.Release|Any CPU.ActiveCfg = Release|Any CPU
		{4734F188-9B2D-411D-8B4F-3F72B6B63A25}.Release|Any CPU.Build.0 = Release|Any CPU
	EndGlobalSection
	GlobalSection(SolutionProperties) = preSolution
		HideSolutionNode = FALSE
	EndGlobalSection
	GlobalSection(ExtensibilityGlobals) = postSolution
		SolutionGuid = {7E5A4B53-B145-4C78-9D42-6BC5291DEE63}
	EndGlobalSection
EndGlobal
