
Microsoft Visual Studio Solution File, Format Version 12.00
# Visual Studio Version 16
VisualStudioVersion = 16.0.30225.117
MinimumVisualStudioVersion = 10.0.40219.1
Project("{FAE04EC0-301F-11D3-BF4B-00C04F79EFBC}") = "HelloApp", "HelloApp\HelloApp.csproj", "{4734F188-9B2D-411D-8B4F-3F72B6B63A25}"
EndProject
Project("{FAE04EC0-301F-11D3-BF4B-00C04F79EFBC}") = "IntegerType", "IntegerType\IntegerType.csproj", "{72BE3251-2F86-4B07-B191-4B64FE331AA9}"
EndProject
Project("{FAE04EC0-301F-11D3-BF4B-00C04F79EFBC}") = "BoxingUnboxing", "BoxingUnboxing\BoxingUnboxing.csproj", "{51BCC678-357E-49DC-B81D-1640DB8D3143}"
EndProject
Project("{FAE04EC0-301F-11D3-BF4B-00C04F79EFBC}") = "IntegerConversion", "IntegerConversion\IntegerConversion.csproj", "{339D1284-DB48-414D-A3FA-E7CAF1E996F2}"
EndProject
Project("{2150E333-8FDC-42A3-9474-1A3956D46DE8}") = "Ch03", "Ch03", "{5050DAC9-0174-4143-8EE0-0DA30141BD25}"
EndProject
Project("{2150E333-8FDC-42A3-9474-1A3956D46DE8}") = "Ch02", "Ch02", "{FCD68A4F-E3B2-4D4F-A435-813B3982CA10}"
EndProject
Project("{9A19103F-16F7-4668-BE54-9A1E7A4F7556}") = "StringNumberConversion", "StringNumberConversion\StringNumberConversion.csproj", "{229B8729-71EC-475E-93C1-61E55B211BAA}"
EndProject
Project("{FAE04EC0-301F-11D3-BF4B-00C04F79EFBC}") = "EnumApp", "EnumApp\EnumApp.csproj", "{F1722593-B178-44DF-B9F8-142551D037B6}"
EndProject
Project("{FAE04EC0-301F-11D3-BF4B-00C04F79EFBC}") = "NullableApp", "NullableApp\NullableApp.csproj", "{4C0156B3-CB2A-4481-8760-7036BFAE4230}"
EndProject
Project("{2150E333-8FDC-42A3-9474-1A3956D46DE8}") = "AppendixA", "AppendixA", "{A1677C67-0964-4640-A5E2-269C998035AA}"
EndProject
Project("{FAE04EC0-301F-11D3-BF4B-00C04F79EFBC}") = "StringSearchApp", "StringSearchApp\StringSearchApp.csproj", "{BB9EAF66-DD49-4D8F-84D2-6328916D5193}"
EndProject
Project("{2150E333-8FDC-42A3-9474-1A3956D46DE8}") = "Ch05", "Ch05", "{4D6189D4-6713-4675-A813-36BCAA145674}"
EndProject
Project("{FAE04EC0-301F-11D3-BF4B-00C04F79EFBC}") = "IFElseApp", "IFElseApp\IFElseApp.csproj", "{D40CBAE1-15EF-4056-BFB3-80A6EEAE8EF0}"
EndProject
Project("{FAE04EC0-301F-11D3-BF4B-00C04F79EFBC}") = "SwitchCaseApp", "SwitchCaseApp\SwitchCaseApp.csproj", "{1DC3D29C-68FB-4989-B249-010358E79C2B}"
EndProject
Project("{FAE04EC0-301F-11D3-BF4B-00C04F79EFBC}") = "LoopApp", "While\LoopApp.csproj", "{5FF4169D-E617-46A9-81FF-58FEAEDB957A}"
EndProject
Project("{2150E333-8FDC-42A3-9474-1A3956D46DE8}") = "Ch06", "Ch06", "{A387D4DA-BB7F-429B-87CE-584073E3C8C6}"
EndProject
Project("{FAE04EC0-301F-11D3-BF4B-00C04F79EFBC}") = "SwapByValue", "SwapByValue\SwapByValue.csproj", "{EDF117D3-3976-4796-8B9F-FFF89EC2E614}"
EndProject
Project("{FAE04EC0-301F-11D3-BF4B-00C04F79EFBC}") = "RefReturn", "RefReturn\RefReturn.csproj", "{BCBC9BA0-3134-4820-881D-1818891F8454}"
EndProject
Project("{FAE04EC0-301F-11D3-BF4B-00C04F79EFBC}") = "UsingOut", "UsingOut\UsingOut.csproj", "{A97A7305-ED49-4623-81A2-C9C14CC7C492}"
EndProject
Project("{FAE04EC0-301F-11D3-BF4B-00C04F79EFBC}") = "OverLoading", "OverLoading\OverLoading.csproj", "{CB4A421A-6B8F-4063-873A-264624D981F2}"
EndProject
Project("{FAE04EC0-301F-11D3-BF4B-00C04F79EFBC}") = "LocalFuntion", "LocalFuntion\LocalFuntion.csproj", "{E75FD200-E1BE-4BF9-BFB0-10AA11E3BEA1}"
EndProject
Project("{FAE04EC0-301F-11D3-BF4B-00C04F79EFBC}") = "Practice1", "Practice1\Practice1.csproj", "{C5D7F92B-3BB5-4672-ADF7-A64F6CA17FEC}"
EndProject
Project("{FAE04EC0-301F-11D3-BF4B-00C04F79EFBC}") = "Practice2", "Practice2\Practice2.csproj", "{D0106303-5B17-45E5-A686-0C003800BC50}"
EndProject
Project("{FAE04EC0-301F-11D3-BF4B-00C04F79EFBC}") = "Practice3", "Practice3\Practice3.csproj", "{46789A98-1910-4BD7-8188-2B80A00F1F33}"
EndProject
Global
	GlobalSection(SolutionConfigurationPlatforms) = preSolution
		Debug|Any CPU = Debug|Any CPU
		Release|Any CPU = Release|Any CPU
	EndGlobalSection
	GlobalSection(ProjectConfigurationPlatforms) = postSolution
		{4734F188-9B2D-411D-8B4F-3F72B6B63A25}.Debug|Any CPU.ActiveCfg = Debug|Any CPU
		{4734F188-9B2D-411D-8B4F-3F72B6B63A25}.Debug|Any CPU.Build.0 = Debug|Any CPU
		{4734F188-9B2D-411D-8B4F-3F72B6B63A25}.Release|Any CPU.ActiveCfg = Release|Any CPU
		{4734F188-9B2D-411D-8B4F-3F72B6B63A25}.Release|Any CPU.Build.0 = Release|Any CPU
		{72BE3251-2F86-4B07-B191-4B64FE331AA9}.Debug|Any CPU.ActiveCfg = Debug|Any CPU
		{72BE3251-2F86-4B07-B191-4B64FE331AA9}.Debug|Any CPU.Build.0 = Debug|Any CPU
		{72BE3251-2F86-4B07-B191-4B64FE331AA9}.Release|Any CPU.ActiveCfg = Release|Any CPU
		{72BE3251-2F86-4B07-B191-4B64FE331AA9}.Release|Any CPU.Build.0 = Release|Any CPU
		{51BCC678-357E-49DC-B81D-1640DB8D3143}.Debug|Any CPU.ActiveCfg = Debug|Any CPU
		{51BCC678-357E-49DC-B81D-1640DB8D3143}.Debug|Any CPU.Build.0 = Debug|Any CPU
		{51BCC678-357E-49DC-B81D-1640DB8D3143}.Release|Any CPU.ActiveCfg = Release|Any CPU
		{51BCC678-357E-49DC-B81D-1640DB8D3143}.Release|Any CPU.Build.0 = Release|Any CPU
		{339D1284-DB48-414D-A3FA-E7CAF1E996F2}.Debug|Any CPU.ActiveCfg = Debug|Any CPU
		{339D1284-DB48-414D-A3FA-E7CAF1E996F2}.Debug|Any CPU.Build.0 = Debug|Any CPU
		{339D1284-DB48-414D-A3FA-E7CAF1E996F2}.Release|Any CPU.ActiveCfg = Release|Any CPU
		{339D1284-DB48-414D-A3FA-E7CAF1E996F2}.Release|Any CPU.Build.0 = Release|Any CPU
		{229B8729-71EC-475E-93C1-61E55B211BAA}.Debug|Any CPU.ActiveCfg = Debug|Any CPU
		{229B8729-71EC-475E-93C1-61E55B211BAA}.Debug|Any CPU.Build.0 = Debug|Any CPU
		{229B8729-71EC-475E-93C1-61E55B211BAA}.Release|Any CPU.ActiveCfg = Release|Any CPU
		{229B8729-71EC-475E-93C1-61E55B211BAA}.Release|Any CPU.Build.0 = Release|Any CPU
		{F1722593-B178-44DF-B9F8-142551D037B6}.Debug|Any CPU.ActiveCfg = Debug|Any CPU
		{F1722593-B178-44DF-B9F8-142551D037B6}.Debug|Any CPU.Build.0 = Debug|Any CPU
		{F1722593-B178-44DF-B9F8-142551D037B6}.Release|Any CPU.ActiveCfg = Release|Any CPU
		{F1722593-B178-44DF-B9F8-142551D037B6}.Release|Any CPU.Build.0 = Release|Any CPU
		{4C0156B3-CB2A-4481-8760-7036BFAE4230}.Debug|Any CPU.ActiveCfg = Debug|Any CPU
		{4C0156B3-CB2A-4481-8760-7036BFAE4230}.Debug|Any CPU.Build.0 = Debug|Any CPU
		{4C0156B3-CB2A-4481-8760-7036BFAE4230}.Release|Any CPU.ActiveCfg = Release|Any CPU
		{4C0156B3-CB2A-4481-8760-7036BFAE4230}.Release|Any CPU.Build.0 = Release|Any CPU
		{BB9EAF66-DD49-4D8F-84D2-6328916D5193}.Debug|Any CPU.ActiveCfg = Debug|Any CPU
		{BB9EAF66-DD49-4D8F-84D2-6328916D5193}.Debug|Any CPU.Build.0 = Debug|Any CPU
		{BB9EAF66-DD49-4D8F-84D2-6328916D5193}.Release|Any CPU.ActiveCfg = Release|Any CPU
		{BB9EAF66-DD49-4D8F-84D2-6328916D5193}.Release|Any CPU.Build.0 = Release|Any CPU
		{D40CBAE1-15EF-4056-BFB3-80A6EEAE8EF0}.Debug|Any CPU.ActiveCfg = Debug|Any CPU
		{D40CBAE1-15EF-4056-BFB3-80A6EEAE8EF0}.Debug|Any CPU.Build.0 = Debug|Any CPU
		{D40CBAE1-15EF-4056-BFB3-80A6EEAE8EF0}.Release|Any CPU.ActiveCfg = Release|Any CPU
		{D40CBAE1-15EF-4056-BFB3-80A6EEAE8EF0}.Release|Any CPU.Build.0 = Release|Any CPU
		{1DC3D29C-68FB-4989-B249-010358E79C2B}.Debug|Any CPU.ActiveCfg = Debug|Any CPU
		{1DC3D29C-68FB-4989-B249-010358E79C2B}.Debug|Any CPU.Build.0 = Debug|Any CPU
		{1DC3D29C-68FB-4989-B249-010358E79C2B}.Release|Any CPU.ActiveCfg = Release|Any CPU
		{1DC3D29C-68FB-4989-B249-010358E79C2B}.Release|Any CPU.Build.0 = Release|Any CPU
		{5FF4169D-E617-46A9-81FF-58FEAEDB957A}.Debug|Any CPU.ActiveCfg = Debug|Any CPU
		{5FF4169D-E617-46A9-81FF-58FEAEDB957A}.Debug|Any CPU.Build.0 = Debug|Any CPU
		{5FF4169D-E617-46A9-81FF-58FEAEDB957A}.Release|Any CPU.ActiveCfg = Release|Any CPU
		{5FF4169D-E617-46A9-81FF-58FEAEDB957A}.Release|Any CPU.Build.0 = Release|Any CPU
		{EDF117D3-3976-4796-8B9F-FFF89EC2E614}.Debug|Any CPU.ActiveCfg = Debug|Any CPU
		{EDF117D3-3976-4796-8B9F-FFF89EC2E614}.Debug|Any CPU.Build.0 = Debug|Any CPU
		{EDF117D3-3976-4796-8B9F-FFF89EC2E614}.Release|Any CPU.ActiveCfg = Release|Any CPU
		{EDF117D3-3976-4796-8B9F-FFF89EC2E614}.Release|Any CPU.Build.0 = Release|Any CPU
		{BCBC9BA0-3134-4820-881D-1818891F8454}.Debug|Any CPU.ActiveCfg = Debug|Any CPU
		{BCBC9BA0-3134-4820-881D-1818891F8454}.Debug|Any CPU.Build.0 = Debug|Any CPU
		{BCBC9BA0-3134-4820-881D-1818891F8454}.Release|Any CPU.ActiveCfg = Release|Any CPU
		{BCBC9BA0-3134-4820-881D-1818891F8454}.Release|Any CPU.Build.0 = Release|Any CPU
		{A97A7305-ED49-4623-81A2-C9C14CC7C492}.Debug|Any CPU.ActiveCfg = Debug|Any CPU
		{A97A7305-ED49-4623-81A2-C9C14CC7C492}.Debug|Any CPU.Build.0 = Debug|Any CPU
		{A97A7305-ED49-4623-81A2-C9C14CC7C492}.Release|Any CPU.ActiveCfg = Release|Any CPU
		{A97A7305-ED49-4623-81A2-C9C14CC7C492}.Release|Any CPU.Build.0 = Release|Any CPU
		{CB4A421A-6B8F-4063-873A-264624D981F2}.Debug|Any CPU.ActiveCfg = Debug|Any CPU
		{CB4A421A-6B8F-4063-873A-264624D981F2}.Debug|Any CPU.Build.0 = Debug|Any CPU
		{CB4A421A-6B8F-4063-873A-264624D981F2}.Release|Any CPU.ActiveCfg = Release|Any CPU
		{CB4A421A-6B8F-4063-873A-264624D981F2}.Release|Any CPU.Build.0 = Release|Any CPU
		{E75FD200-E1BE-4BF9-BFB0-10AA11E3BEA1}.Debug|Any CPU.ActiveCfg = Debug|Any CPU
		{E75FD200-E1BE-4BF9-BFB0-10AA11E3BEA1}.Debug|Any CPU.Build.0 = Debug|Any CPU
		{E75FD200-E1BE-4BF9-BFB0-10AA11E3BEA1}.Release|Any CPU.ActiveCfg = Release|Any CPU
		{E75FD200-E1BE-4BF9-BFB0-10AA11E3BEA1}.Release|Any CPU.Build.0 = Release|Any CPU
		{C5D7F92B-3BB5-4672-ADF7-A64F6CA17FEC}.Debug|Any CPU.ActiveCfg = Debug|Any CPU
		{C5D7F92B-3BB5-4672-ADF7-A64F6CA17FEC}.Debug|Any CPU.Build.0 = Debug|Any CPU
		{C5D7F92B-3BB5-4672-ADF7-A64F6CA17FEC}.Release|Any CPU.ActiveCfg = Release|Any CPU
		{C5D7F92B-3BB5-4672-ADF7-A64F6CA17FEC}.Release|Any CPU.Build.0 = Release|Any CPU
		{D0106303-5B17-45E5-A686-0C003800BC50}.Debug|Any CPU.ActiveCfg = Debug|Any CPU
		{D0106303-5B17-45E5-A686-0C003800BC50}.Debug|Any CPU.Build.0 = Debug|Any CPU
		{D0106303-5B17-45E5-A686-0C003800BC50}.Release|Any CPU.ActiveCfg = Release|Any CPU
		{D0106303-5B17-45E5-A686-0C003800BC50}.Release|Any CPU.Build.0 = Release|Any CPU
		{46789A98-1910-4BD7-8188-2B80A00F1F33}.Debug|Any CPU.ActiveCfg = Debug|Any CPU
		{46789A98-1910-4BD7-8188-2B80A00F1F33}.Debug|Any CPU.Build.0 = Debug|Any CPU
		{46789A98-1910-4BD7-8188-2B80A00F1F33}.Release|Any CPU.ActiveCfg = Release|Any CPU
		{46789A98-1910-4BD7-8188-2B80A00F1F33}.Release|Any CPU.Build.0 = Release|Any CPU
	EndGlobalSection
	GlobalSection(SolutionProperties) = preSolution
		HideSolutionNode = FALSE
	EndGlobalSection
	GlobalSection(NestedProjects) = preSolution
		{4734F188-9B2D-411D-8B4F-3F72B6B63A25} = {FCD68A4F-E3B2-4D4F-A435-813B3982CA10}
		{72BE3251-2F86-4B07-B191-4B64FE331AA9} = {5050DAC9-0174-4143-8EE0-0DA30141BD25}
		{51BCC678-357E-49DC-B81D-1640DB8D3143} = {5050DAC9-0174-4143-8EE0-0DA30141BD25}
		{339D1284-DB48-414D-A3FA-E7CAF1E996F2} = {5050DAC9-0174-4143-8EE0-0DA30141BD25}
		{229B8729-71EC-475E-93C1-61E55B211BAA} = {5050DAC9-0174-4143-8EE0-0DA30141BD25}
		{F1722593-B178-44DF-B9F8-142551D037B6} = {5050DAC9-0174-4143-8EE0-0DA30141BD25}
		{4C0156B3-CB2A-4481-8760-7036BFAE4230} = {5050DAC9-0174-4143-8EE0-0DA30141BD25}
		{BB9EAF66-DD49-4D8F-84D2-6328916D5193} = {A1677C67-0964-4640-A5E2-269C998035AA}
		{D40CBAE1-15EF-4056-BFB3-80A6EEAE8EF0} = {4D6189D4-6713-4675-A813-36BCAA145674}
		{1DC3D29C-68FB-4989-B249-010358E79C2B} = {4D6189D4-6713-4675-A813-36BCAA145674}
		{5FF4169D-E617-46A9-81FF-58FEAEDB957A} = {4D6189D4-6713-4675-A813-36BCAA145674}
		{EDF117D3-3976-4796-8B9F-FFF89EC2E614} = {A387D4DA-BB7F-429B-87CE-584073E3C8C6}
		{BCBC9BA0-3134-4820-881D-1818891F8454} = {A387D4DA-BB7F-429B-87CE-584073E3C8C6}
		{A97A7305-ED49-4623-81A2-C9C14CC7C492} = {A387D4DA-BB7F-429B-87CE-584073E3C8C6}
		{CB4A421A-6B8F-4063-873A-264624D981F2} = {A387D4DA-BB7F-429B-87CE-584073E3C8C6}
		{E75FD200-E1BE-4BF9-BFB0-10AA11E3BEA1} = {A387D4DA-BB7F-429B-87CE-584073E3C8C6}
		{C5D7F92B-3BB5-4672-ADF7-A64F6CA17FEC} = {A387D4DA-BB7F-429B-87CE-584073E3C8C6}
		{D0106303-5B17-45E5-A686-0C003800BC50} = {A387D4DA-BB7F-429B-87CE-584073E3C8C6}
		{46789A98-1910-4BD7-8188-2B80A00F1F33} = {A387D4DA-BB7F-429B-87CE-584073E3C8C6}
	EndGlobalSection
	GlobalSection(ExtensibilityGlobals) = postSolution
		SolutionGuid = {7E5A4B53-B145-4C78-9D42-6BC5291DEE63}
	EndGlobalSection
EndGlobal
