
Microsoft Visual Studio Solution File, Format Version 12.00
# Visual Studio Version 16
VisualStudioVersion = 16.0.30225.117
MinimumVisualStudioVersion = 10.0.40219.1
Project("{FAE04EC0-301F-11D3-BF4B-00C04F79EFBC}") = "ElectroCarChargeAPI", "ElectroCarChargeAPI.csproj", "{5961FB78-1D32-4CEE-BE7D-01413414B9BF}"
EndProject
Global
	GlobalSection(SolutionConfigurationPlatforms) = preSolution
		Debug|Any CPU = Debug|Any CPU
		Release|Any CPU = Release|Any CPU
	EndGlobalSection
	GlobalSection(ProjectConfigurationPlatforms) = postSolution
		{5961FB78-1D32-4CEE-BE7D-01413414B9BF}.Debug|Any CPU.ActiveCfg = Debug|Any CPU
		{5961FB78-1D32-4CEE-BE7D-01413414B9BF}.Debug|Any CPU.Build.0 = Debug|Any CPU
		{5961FB78-1D32-4CEE-BE7D-01413414B9BF}.Release|Any CPU.ActiveCfg = Release|Any CPU
		{5961FB78-1D32-4CEE-BE7D-01413414B9BF}.Release|Any CPU.Build.0 = Release|Any CPU
	EndGlobalSection
	GlobalSection(SolutionProperties) = preSolution
		HideSolutionNode = FALSE
	EndGlobalSection
	GlobalSection(ExtensibilityGlobals) = postSolution
		SolutionGuid = {AF83A452-C68D-4BEB-83B6-7D59D658A9EC}
	EndGlobalSection
EndGlobal
